{
  "name": "webviz-subsurface-components",
  "lockfileVersion": 2,
  "requires": true,
  "packages": {
    "": {
      "devDependencies": {
        "@types/convert-units": "^2.3.5"
      }
    },
    "node_modules/@types/convert-units": {
      "version": "2.3.5",
      "resolved": "https://registry.npmjs.org/@types/convert-units/-/convert-units-2.3.5.tgz",
      "integrity": "sha512-uPxhvoCflbz9hm0aiLEHnwT7JTdhJcKUmArdmmKtWjbK+tw9hUguYh0vTpA5ugqc9/a+hWdPB7NW0SX6peLS8g==",
      "dev": true
    }
  },
  "dependencies": {
    "@types/convert-units": {
      "version": "2.3.5",
      "resolved": "https://registry.npmjs.org/@types/convert-units/-/convert-units-2.3.5.tgz",
      "integrity": "sha512-uPxhvoCflbz9hm0aiLEHnwT7JTdhJcKUmArdmmKtWjbK+tw9hUguYh0vTpA5ugqc9/a+hWdPB7NW0SX6peLS8g==",
      "dev": true
    }
  }
}
